// !$*UTF8*$!
{
	archiveVersion = 1;
	classes = {
	};
	objectVersion = 50;
	objects = {

/* Begin PBXBuildFile section */
		FD933E6A20F4B22100C5CADF /* TheBinarySearchTree.swift in Sources */ = {isa = PBXBuildFile; fileRef = FD933E6920F4B22100C5CADF /* TheBinarySearchTree.swift */; };
		FD9A465120E33C8600C6454A /* AppDelegate.swift in Sources */ = {isa = PBXBuildFile; fileRef = FD9A465020E33C8600C6454A /* AppDelegate.swift */; };
		FD9A465320E33C8600C6454A /* ViewController.swift in Sources */ = {isa = PBXBuildFile; fileRef = FD9A465220E33C8600C6454A /* ViewController.swift */; };
		FD9A465620E33C8600C6454A /* Main.storyboard in Resources */ = {isa = PBXBuildFile; fileRef = FD9A465420E33C8600C6454A /* Main.storyboard */; };
		FD9A465820E33C8700C6454A /* Assets.xcassets in Resources */ = {isa = PBXBuildFile; fileRef = FD9A465720E33C8700C6454A /* Assets.xcassets */; };
		FD9A465B20E33C8700C6454A /* LaunchScreen.storyboard in Resources */ = {isa = PBXBuildFile; fileRef = FD9A465920E33C8700C6454A /* LaunchScreen.storyboard */; };
		FD9A466620E33C8700C6454A /* FunctionalSwiftTests.swift in Sources */ = {isa = PBXBuildFile; fileRef = FD9A466520E33C8700C6454A /* FunctionalSwiftTests.swift */; };
		FD9A467120E33C8700C6454A /* FunctionalSwiftUITests.swift in Sources */ = {isa = PBXBuildFile; fileRef = FD9A467020E33C8700C6454A /* FunctionalSwiftUITests.swift */; };
		FDAECC0720E61BFE008E03EE /* MapFilterReduce.swift in Sources */ = {isa = PBXBuildFile; fileRef = FDAECC0620E61BFE008E03EE /* MapFilterReduce.swift */; };
		FDF3E6BC20E4B9DC00394A37 /* BattleShip.swift in Sources */ = {isa = PBXBuildFile; fileRef = FDF3E6BB20E4B9DC00394A37 /* BattleShip.swift */; };
		FDF3E6BE20E4B9FC00394A37 /* BaseViewController.swift in Sources */ = {isa = PBXBuildFile; fileRef = FDF3E6BD20E4B9FC00394A37 /* BaseViewController.swift */; };
		FDF3E6C020E4C1CD00394A37 /* PackgeCoreImage.swift in Sources */ = {isa = PBXBuildFile; fileRef = FDF3E6BF20E4C1CD00394A37 /* PackgeCoreImage.swift */; };
/* End PBXBuildFile section */

/* Begin PBXContainerItemProxy section */
		FD9A466220E33C8700C6454A /* PBXContainerItemProxy */ = {
			isa = PBXContainerItemProxy;
			containerPortal = FD9A464520E33C8600C6454A /* Project object */;
			proxyType = 1;
			remoteGlobalIDString = FD9A464C20E33C8600C6454A;
			remoteInfo = FunctionalSwift;
		};
		FD9A466D20E33C8700C6454A /* PBXContainerItemProxy */ = {
			isa = PBXContainerItemProxy;
			containerPortal = FD9A464520E33C8600C6454A /* Project object */;
			proxyType = 1;
			remoteGlobalIDString = FD9A464C20E33C8600C6454A;
			remoteInfo = FunctionalSwift;
		};
/* End PBXContainerItemProxy section */

/* Begin PBXFileReference section */
		FD933E6920F4B22100C5CADF /* TheBinarySearchTree.swift */ = {isa = PBXFileReference; lastKnownFileType = sourcecode.swift; path = TheBinarySearchTree.swift; sourceTree = "<group>"; };
		FD9A464D20E33C8600C6454A /* FunctionalSwift.app */ = {isa = PBXFileReference; explicitFileType = wrapper.application; includeInIndex = 0; path = FunctionalSwift.app; sourceTree = BUILT_PRODUCTS_DIR; };
		FD9A465020E33C8600C6454A /* AppDelegate.swift */ = {isa = PBXFileReference; lastKnownFileType = sourcecode.swift; path = AppDelegate.swift; sourceTree = "<group>"; };
		FD9A465220E33C8600C6454A /* ViewController.swift */ = {isa = PBXFileReference; lastKnownFileType = sourcecode.swift; path = ViewController.swift; sourceTree = "<group>"; };
		FD9A465520E33C8600C6454A /* Base */ = {isa = PBXFileReference; lastKnownFileType = file.storyboard; name = Base; path = Base.lproj/Main.storyboard; sourceTree = "<group>"; };
		FD9A465720E33C8700C6454A /* Assets.xcassets */ = {isa = PBXFileReference; lastKnownFileType = folder.assetcatalog; path = Assets.xcassets; sourceTree = "<group>"; };
		FD9A465A20E33C8700C6454A /* Base */ = {isa = PBXFileReference; lastKnownFileType = file.storyboard; name = Base; path = Base.lproj/LaunchScreen.storyboard; sourceTree = "<group>"; };
		FD9A465C20E33C8700C6454A /* Info.plist */ = {isa = PBXFileReference; lastKnownFileType = text.plist.xml; path = Info.plist; sourceTree = "<group>"; };
		FD9A466120E33C8700C6454A /* FunctionalSwiftTests.xctest */ = {isa = PBXFileReference; explicitFileType = wrapper.cfbundle; includeInIndex = 0; path = FunctionalSwiftTests.xctest; sourceTree = BUILT_PRODUCTS_DIR; };
		FD9A466520E33C8700C6454A /* FunctionalSwiftTests.swift */ = {isa = PBXFileReference; lastKnownFileType = sourcecode.swift; path = FunctionalSwiftTests.swift; sourceTree = "<group>"; };
		FD9A466720E33C8700C6454A /* Info.plist */ = {isa = PBXFileReference; lastKnownFileType = text.plist.xml; path = Info.plist; sourceTree = "<group>"; };
		FD9A466C20E33C8700C6454A /* FunctionalSwiftUITests.xctest */ = {isa = PBXFileReference; explicitFileType = wrapper.cfbundle; includeInIndex = 0; path = FunctionalSwiftUITests.xctest; sourceTree = BUILT_PRODUCTS_DIR; };
		FD9A467020E33C8700C6454A /* FunctionalSwiftUITests.swift */ = {isa = PBXFileReference; lastKnownFileType = sourcecode.swift; path = FunctionalSwiftUITests.swift; sourceTree = "<group>"; };
		FD9A467220E33C8700C6454A /* Info.plist */ = {isa = PBXFileReference; lastKnownFileType = text.plist.xml; path = Info.plist; sourceTree = "<group>"; };
		FDAECC0620E61BFE008E03EE /* MapFilterReduce.swift */ = {isa = PBXFileReference; lastKnownFileType = sourcecode.swift; path = MapFilterReduce.swift; sourceTree = "<group>"; };
		FDF3E6BB20E4B9DC00394A37 /* BattleShip.swift */ = {isa = PBXFileReference; lastKnownFileType = sourcecode.swift; path = BattleShip.swift; sourceTree = "<group>"; };
		FDF3E6BD20E4B9FC00394A37 /* BaseViewController.swift */ = {isa = PBXFileReference; lastKnownFileType = sourcecode.swift; path = BaseViewController.swift; sourceTree = "<group>"; };
		FDF3E6BF20E4C1CD00394A37 /* PackgeCoreImage.swift */ = {isa = PBXFileReference; lastKnownFileType = sourcecode.swift; path = PackgeCoreImage.swift; sourceTree = "<group>"; wrapsLines = 1; };
/* End PBXFileReference section */

/* Begin PBXFrameworksBuildPhase section */
		FD9A464A20E33C8600C6454A /* Frameworks */ = {
			isa = PBXFrameworksBuildPhase;
			buildActionMask = 2147483647;
			files = (
			);
			runOnlyForDeploymentPostprocessing = 0;
		};
		FD9A465E20E33C8700C6454A /* Frameworks */ = {
			isa = PBXFrameworksBuildPhase;
			buildActionMask = 2147483647;
			files = (
			);
			runOnlyForDeploymentPostprocessing = 0;
		};
		FD9A466920E33C8700C6454A /* Frameworks */ = {
			isa = PBXFrameworksBuildPhase;
			buildActionMask = 2147483647;
			files = (
			);
			runOnlyForDeploymentPostprocessing = 0;
		};
/* End PBXFrameworksBuildPhase section */

/* Begin PBXGroup section */
		FD9A464420E33C8600C6454A = {
			isa = PBXGroup;
			children = (
				FD9A464F20E33C8600C6454A /* FunctionalSwift */,
				FD9A466420E33C8700C6454A /* FunctionalSwiftTests */,
				FD9A466F20E33C8700C6454A /* FunctionalSwiftUITests */,
				FD9A464E20E33C8600C6454A /* Products */,
			);
			sourceTree = "<group>";
		};
		FD9A464E20E33C8600C6454A /* Products */ = {
			isa = PBXGroup;
			children = (
				FD9A464D20E33C8600C6454A /* FunctionalSwift.app */,
				FD9A466120E33C8700C6454A /* FunctionalSwiftTests.xctest */,
				FD9A466C20E33C8700C6454A /* FunctionalSwiftUITests.xctest */,
			);
			name = Products;
			sourceTree = "<group>";
		};
		FD9A464F20E33C8600C6454A /* FunctionalSwift */ = {
			isa = PBXGroup;
			children = (
				FDF3E6BA20E4B8D200394A37 /* FunctionalSwift */,
				FD9A465020E33C8600C6454A /* AppDelegate.swift */,
				FD9A465220E33C8600C6454A /* ViewController.swift */,
				FDF3E6BD20E4B9FC00394A37 /* BaseViewController.swift */,
				FD9A465420E33C8600C6454A /* Main.storyboard */,
				FD9A465720E33C8700C6454A /* Assets.xcassets */,
				FD9A465920E33C8700C6454A /* LaunchScreen.storyboard */,
				FD9A465C20E33C8700C6454A /* Info.plist */,
			);
			path = FunctionalSwift;
			sourceTree = "<group>";
		};
		FD9A466420E33C8700C6454A /* FunctionalSwiftTests */ = {
			isa = PBXGroup;
			children = (
				FD9A466520E33C8700C6454A /* FunctionalSwiftTests.swift */,
				FD9A466720E33C8700C6454A /* Info.plist */,
			);
			path = FunctionalSwiftTests;
			sourceTree = "<group>";
		};
		FD9A466F20E33C8700C6454A /* FunctionalSwiftUITests */ = {
			isa = PBXGroup;
			children = (
				FD9A467020E33C8700C6454A /* FunctionalSwiftUITests.swift */,
				FD9A467220E33C8700C6454A /* Info.plist */,
			);
			path = FunctionalSwiftUITests;
			sourceTree = "<group>";
		};
		FDF3E6BA20E4B8D200394A37 /* FunctionalSwift */ = {
			isa = PBXGroup;
			children = (
				FDF3E6BB20E4B9DC00394A37 /* BattleShip.swift */,
				FDF3E6BF20E4C1CD00394A37 /* PackgeCoreImage.swift */,
				FDAECC0620E61BFE008E03EE /* MapFilterReduce.swift */,
				FD933E6920F4B22100C5CADF /* TheBinarySearchTree.swift */,
			);
			path = FunctionalSwift;
			sourceTree = "<group>";
		};
/* End PBXGroup section */

/* Begin PBXNativeTarget section */
		FD9A464C20E33C8600C6454A /* FunctionalSwift */ = {
			isa = PBXNativeTarget;
			buildConfigurationList = FD9A467520E33C8700C6454A /* Build configuration list for PBXNativeTarget "FunctionalSwift" */;
			buildPhases = (
				FD9A464920E33C8600C6454A /* Sources */,
				FD9A464A20E33C8600C6454A /* Frameworks */,
				FD9A464B20E33C8600C6454A /* Resources */,
			);
			buildRules = (
			);
			dependencies = (
			);
			name = FunctionalSwift;
			productName = FunctionalSwift;
			productReference = FD9A464D20E33C8600C6454A /* FunctionalSwift.app */;
			productType = "com.apple.product-type.application";
		};
		FD9A466020E33C8700C6454A /* FunctionalSwiftTests */ = {
			isa = PBXNativeTarget;
			buildConfigurationList = FD9A467820E33C8700C6454A /* Build configuration list for PBXNativeTarget "FunctionalSwiftTests" */;
			buildPhases = (
				FD9A465D20E33C8700C6454A /* Sources */,
				FD9A465E20E33C8700C6454A /* Frameworks */,
				FD9A465F20E33C8700C6454A /* Resources */,
			);
			buildRules = (
			);
			dependencies = (
				FD9A466320E33C8700C6454A /* PBXTargetDependency */,
			);
			name = FunctionalSwiftTests;
			productName = FunctionalSwiftTests;
			productReference = FD9A466120E33C8700C6454A /* FunctionalSwiftTests.xctest */;
			productType = "com.apple.product-type.bundle.unit-test";
		};
		FD9A466B20E33C8700C6454A /* FunctionalSwiftUITests */ = {
			isa = PBXNativeTarget;
			buildConfigurationList = FD9A467B20E33C8700C6454A /* Build configuration list for PBXNativeTarget "FunctionalSwiftUITests" */;
			buildPhases = (
				FD9A466820E33C8700C6454A /* Sources */,
				FD9A466920E33C8700C6454A /* Frameworks */,
				FD9A466A20E33C8700C6454A /* Resources */,
			);
			buildRules = (
			);
			dependencies = (
				FD9A466E20E33C8700C6454A /* PBXTargetDependency */,
			);
			name = FunctionalSwiftUITests;
			productName = FunctionalSwiftUITests;
			productReference = FD9A466C20E33C8700C6454A /* FunctionalSwiftUITests.xctest */;
			productType = "com.apple.product-type.bundle.ui-testing";
		};
/* End PBXNativeTarget section */

/* Begin PBXProject section */
		FD9A464520E33C8600C6454A /* Project object */ = {
			isa = PBXProject;
			attributes = {
				LastSwiftUpdateCheck = 0930;
				LastUpgradeCheck = 0930;
				ORGANIZATIONNAME = qingfengiOS;
				TargetAttributes = {
					FD9A464C20E33C8600C6454A = {
						CreatedOnToolsVersion = 9.3;
					};
					FD9A466020E33C8700C6454A = {
						CreatedOnToolsVersion = 9.3;
						TestTargetID = FD9A464C20E33C8600C6454A;
					};
					FD9A466B20E33C8700C6454A = {
						CreatedOnToolsVersion = 9.3;
						TestTargetID = FD9A464C20E33C8600C6454A;
					};
				};
			};
			buildConfigurationList = FD9A464820E33C8600C6454A /* Build configuration list for PBXProject "FunctionalSwift" */;
			compatibilityVersion = "Xcode 9.3";
			developmentRegion = en;
			hasScannedForEncodings = 0;
			knownRegions = (
				en,
				Base,
			);
			mainGroup = FD9A464420E33C8600C6454A;
			productRefGroup = FD9A464E20E33C8600C6454A /* Products */;
			projectDirPath = "";
			projectRoot = "";
			targets = (
				FD9A464C20E33C8600C6454A /* FunctionalSwift */,
				FD9A466020E33C8700C6454A /* FunctionalSwiftTests */,
				FD9A466B20E33C8700C6454A /* FunctionalSwiftUITests */,
			);
		};
/* End PBXProject section */

/* Begin PBXResourcesBuildPhase section */
		FD9A464B20E33C8600C6454A /* Resources */ = {
			isa = PBXResourcesBuildPhase;
			buildActionMask = 2147483647;
			files = (
				FD9A465B20E33C8700C6454A /* LaunchScreen.storyboard in Resources */,
				FD9A465820E33C8700C6454A /* Assets.xcassets in Resources */,
				FD9A465620E33C8600C6454A /* Main.storyboard in Resources */,
			);
			runOnlyForDeploymentPostprocessing = 0;
		};
		FD9A465F20E33C8700C6454A /* Resources */ = {
			isa = PBXResourcesBuildPhase;
			buildActionMask = 2147483647;
			files = (
			);
			runOnlyForDeploymentPostprocessing = 0;
		};
		FD9A466A20E33C8700C6454A /* Resources */ = {
			isa = PBXResourcesBuildPhase;
			buildActionMask = 2147483647;
			files = (
			);
			runOnlyForDeploymentPostprocessing = 0;
		};
/* End PBXResourcesBuildPhase section */

/* Begin PBXSourcesBuildPhase section */
		FD9A464920E33C8600C6454A /* Sources */ = {
			isa = PBXSourcesBuildPhase;
			buildActionMask = 2147483647;
			files = (
				FDAECC0720E61BFE008E03EE /* MapFilterReduce.swift in Sources */,
				FDF3E6BC20E4B9DC00394A37 /* BattleShip.swift in Sources */,
				FDF3E6BE20E4B9FC00394A37 /* BaseViewController.swift in Sources */,
				FD933E6A20F4B22100C5CADF /* TheBinarySearchTree.swift in Sources */,
				FDF3E6C020E4C1CD00394A37 /* PackgeCoreImage.swift in Sources */,
				FD9A465320E33C8600C6454A /* ViewController.swift in Sources */,
				FD9A465120E33C8600C6454A /* AppDelegate.swift in Sources */,
			);
			runOnlyForDeploymentPostprocessing = 0;
		};
		FD9A465D20E33C8700C6454A /* Sources */ = {
			isa = PBXSourcesBuildPhase;
			buildActionMask = 2147483647;
			files = (
				FD9A466620E33C8700C6454A /* FunctionalSwiftTests.swift in Sources */,
			);
			runOnlyForDeploymentPostprocessing = 0;
		};
		FD9A466820E33C8700C6454A /* Sources */ = {
			isa = PBXSourcesBuildPhase;
			buildActionMask = 2147483647;
			files = (
				FD9A467120E33C8700C6454A /* FunctionalSwiftUITests.swift in Sources */,
			);
			runOnlyForDeploymentPostprocessing = 0;
		};
/* End PBXSourcesBuildPhase section */

/* Begin PBXTargetDependency section */
		FD9A466320E33C8700C6454A /* PBXTargetDependency */ = {
			isa = PBXTargetDependency;
			target = FD9A464C20E33C8600C6454A /* FunctionalSwift */;
			targetProxy = FD9A466220E33C8700C6454A /* PBXContainerItemProxy */;
		};
		FD9A466E20E33C8700C6454A /* PBXTargetDependency */ = {
			isa = PBXTargetDependency;
			target = FD9A464C20E33C8600C6454A /* FunctionalSwift */;
			targetProxy = FD9A466D20E33C8700C6454A /* PBXContainerItemProxy */;
		};
/* End PBXTargetDependency section */

/* Begin PBXVariantGroup section */
		FD9A465420E33C8600C6454A /* Main.storyboard */ = {
			isa = PBXVariantGroup;
			children = (
				FD9A465520E33C8600C6454A /* Base */,
			);
			name = Main.storyboard;
			sourceTree = "<group>";
		};
		FD9A465920E33C8700C6454A /* LaunchScreen.storyboard */ = {
			isa = PBXVariantGroup;
			children = (
				FD9A465A20E33C8700C6454A /* Base */,
			);
			name = LaunchScreen.storyboard;
			sourceTree = "<group>";
		};
/* End PBXVariantGroup section */

/* Begin XCBuildConfiguration section */
		FD9A467320E33C8700C6454A /* Debug */ = {
			isa = XCBuildConfiguration;
			buildSettings = {
				ALWAYS_SEARCH_USER_PATHS = NO;
				CLANG_ANALYZER_NONNULL = YES;
				CLANG_ANALYZER_NUMBER_OBJECT_CONVERSION = YES_AGGRESSIVE;
				CLANG_CXX_LANGUAGE_STANDARD = "gnu++14";
				CLANG_CXX_LIBRARY = "libc++";
				CLANG_ENABLE_MODULES = YES;
				CLANG_ENABLE_OBJC_ARC = YES;
				CLANG_ENABLE_OBJC_WEAK = YES;
				CLANG_WARN_BLOCK_CAPTURE_AUTORELEASING = YES;
				CLANG_WARN_BOOL_CONVERSION = YES;
				CLANG_WARN_COMMA = YES;
				CLANG_WARN_CONSTANT_CONVERSION = YES;
				CLANG_WARN_DEPRECATED_OBJC_IMPLEMENTATIONS = YES;
				CLANG_WARN_DIRECT_OBJC_ISA_USAGE = YES_ERROR;
				CLANG_WARN_DOCUMENTATION_COMMENTS = YES;
				CLANG_WARN_EMPTY_BODY = YES;
				CLANG_WARN_ENUM_CONVERSION = YES;
				CLANG_WARN_INFINITE_RECURSION = YES;
				CLANG_WARN_INT_CONVERSION = YES;
				CLANG_WARN_NON_LITERAL_NULL_CONVERSION = YES;
				CLANG_WARN_OBJC_IMPLICIT_RETAIN_SELF = YES;
				CLANG_WARN_OBJC_LITERAL_CONVERSION = YES;
				CLANG_WARN_OBJC_ROOT_CLASS = YES_ERROR;
				CLANG_WARN_RANGE_LOOP_ANALYSIS = YES;
				CLANG_WARN_STRICT_PROTOTYPES = YES;
				CLANG_WARN_SUSPICIOUS_MOVE = YES;
				CLANG_WARN_UNGUARDED_AVAILABILITY = YES_AGGRESSIVE;
				CLANG_WARN_UNREACHABLE_CODE = YES;
				CLANG_WARN__DUPLICATE_METHOD_MATCH = YES;
				CODE_SIGN_IDENTITY = "iPhone Developer";
				COPY_PHASE_STRIP = NO;
				DEBUG_INFORMATION_FORMAT = dwarf;
				ENABLE_STRICT_OBJC_MSGSEND = YES;
				ENABLE_TESTABILITY = YES;
				GCC_C_LANGUAGE_STANDARD = gnu11;
				GCC_DYNAMIC_NO_PIC = NO;
				GCC_NO_COMMON_BLOCKS = YES;
				GCC_OPTIMIZATION_LEVEL = 0;
				GCC_PREPROCESSOR_DEFINITIONS = (
					"DEBUG=1",
					"$(inherited)",
				);
				GCC_WARN_64_TO_32_BIT_CONVERSION = YES;
				GCC_WARN_ABOUT_RETURN_TYPE = YES_ERROR;
				GCC_WARN_UNDECLARED_SELECTOR = YES;
				GCC_WARN_UNINITIALIZED_AUTOS = YES_AGGRESSIVE;
				GCC_WARN_UNUSED_FUNCTION = YES;
				GCC_WARN_UNUSED_VARIABLE = YES;
				IPHONEOS_DEPLOYMENT_TARGET = 11.3;
				MTL_ENABLE_DEBUG_INFO = YES;
				ONLY_ACTIVE_ARCH = YES;
				SDKROOT = iphoneos;
				SWIFT_ACTIVE_COMPILATION_CONDITIONS = DEBUG;
				SWIFT_OPTIMIZATION_LEVEL = "-Onone";
			};
			name = Debug;
		};
		FD9A467420E33C8700C6454A /* Release */ = {
			isa = XCBuildConfiguration;
			buildSettings = {
				ALWAYS_SEARCH_USER_PATHS = NO;
				CLANG_ANALYZER_NONNULL = YES;
				CLANG_ANALYZER_NUMBER_OBJECT_CONVERSION = YES_AGGRESSIVE;
				CLANG_CXX_LANGUAGE_STANDARD = "gnu++14";
				CLANG_CXX_LIBRARY = "libc++";
				CLANG_ENABLE_MODULES = YES;
				CLANG_ENABLE_OBJC_ARC = YES;
				CLANG_ENABLE_OBJC_WEAK = YES;
				CLANG_WARN_BLOCK_CAPTURE_AUTORELEASING = YES;
				CLANG_WARN_BOOL_CONVERSION = YES;
				CLANG_WARN_COMMA = YES;
				CLANG_WARN_CONSTANT_CONVERSION = YES;
				CLANG_WARN_DEPRECATED_OBJC_IMPLEMENTATIONS = YES;
				CLANG_WARN_DIRECT_OBJC_ISA_USAGE = YES_ERROR;
				CLANG_WARN_DOCUMENTATION_COMMENTS = YES;
				CLANG_WARN_EMPTY_BODY = YES;
				CLANG_WARN_ENUM_CONVERSION = YES;
				CLANG_WARN_INFINITE_RECURSION = YES;
				CLANG_WARN_INT_CONVERSION = YES;
				CLANG_WARN_NON_LITERAL_NULL_CONVERSION = YES;
				CLANG_WARN_OBJC_IMPLICIT_RETAIN_SELF = YES;
				CLANG_WARN_OBJC_LITERAL_CONVERSION = YES;
				CLANG_WARN_OBJC_ROOT_CLASS = YES_ERROR;
				CLANG_WARN_RANGE_LOOP_ANALYSIS = YES;
				CLANG_WARN_STRICT_PROTOTYPES = YES;
				CLANG_WARN_SUSPICIOUS_MOVE = YES;
				CLANG_WARN_UNGUARDED_AVAILABILITY = YES_AGGRESSIVE;
				CLANG_WARN_UNREACHABLE_CODE = YES;
				CLANG_WARN__DUPLICATE_METHOD_MATCH = YES;
				CODE_SIGN_IDENTITY = "iPhone Developer";
				COPY_PHASE_STRIP = NO;
				DEBUG_INFORMATION_FORMAT = "dwarf-with-dsym";
				ENABLE_NS_ASSERTIONS = NO;
				ENABLE_STRICT_OBJC_MSGSEND = YES;
				GCC_C_LANGUAGE_STANDARD = gnu11;
				GCC_NO_COMMON_BLOCKS = YES;
				GCC_WARN_64_TO_32_BIT_CONVERSION = YES;
				GCC_WARN_ABOUT_RETURN_TYPE = YES_ERROR;
				GCC_WARN_UNDECLARED_SELECTOR = YES;
				GCC_WARN_UNINITIALIZED_AUTOS = YES_AGGRESSIVE;
				GCC_WARN_UNUSED_FUNCTION = YES;
				GCC_WARN_UNUSED_VARIABLE = YES;
				IPHONEOS_DEPLOYMENT_TARGET = 11.3;
				MTL_ENABLE_DEBUG_INFO = NO;
				SDKROOT = iphoneos;
				SWIFT_COMPILATION_MODE = wholemodule;
				SWIFT_OPTIMIZATION_LEVEL = "-O";
				VALIDATE_PRODUCT = YES;
			};
			name = Release;
		};
		FD9A467620E33C8700C6454A /* Debug */ = {
			isa = XCBuildConfiguration;
			buildSettings = {
				ASSETCATALOG_COMPILER_APPICON_NAME = AppIcon;
				CODE_SIGN_STYLE = Automatic;
				DEVELOPMENT_TEAM = DZK6T3AW3W;
				INFOPLIST_FILE = FunctionalSwift/Info.plist;
				LD_RUNPATH_SEARCH_PATHS = (
					"$(inherited)",
					"@executable_path/Frameworks",
				);
				PRODUCT_BUNDLE_IDENTIFIER = com.shanglv51.www.FunctionalSwift;
				PRODUCT_NAME = "$(TARGET_NAME)";
				SWIFT_VERSION = 4.0;
				TARGETED_DEVICE_FAMILY = "1,2";
			};
			name = Debug;
		};
		FD9A467720E33C8700C6454A /* Release */ = {
			isa = XCBuildConfiguration;
			buildSettings = {
				ASSETCATALOG_COMPILER_APPICON_NAME = AppIcon;
				CODE_SIGN_STYLE = Automatic;
				DEVELOPMENT_TEAM = DZK6T3AW3W;
				INFOPLIST_FILE = FunctionalSwift/Info.plist;
				LD_RUNPATH_SEARCH_PATHS = (
					"$(inherited)",
					"@executable_path/Frameworks",
				);
				PRODUCT_BUNDLE_IDENTIFIER = com.shanglv51.www.FunctionalSwift;
				PRODUCT_NAME = "$(TARGET_NAME)";
				SWIFT_VERSION = 4.0;
				TARGETED_DEVICE_FAMILY = "1,2";
			};
			name = Release;
		};
		FD9A467920E33C8700C6454A /* Debug */ = {
			isa = XCBuildConfiguration;
			buildSettings = {
				ALWAYS_EMBED_SWIFT_STANDARD_LIBRARIES = YES;
				BUNDLE_LOADER = "$(TEST_HOST)";
				CODE_SIGN_STYLE = Automatic;
				DEVELOPMENT_TEAM = DZK6T3AW3W;
				INFOPLIST_FILE = FunctionalSwiftTests/Info.plist;
				LD_RUNPATH_SEARCH_PATHS = (
					"$(inherited)",
					"@executable_path/Frameworks",
					"@loader_path/Frameworks",
				);
				PRODUCT_BUNDLE_IDENTIFIER = com.shanglv51.www.FunctionalSwiftTests;
				PRODUCT_NAME = "$(TARGET_NAME)";
				SWIFT_VERSION = 4.0;
				TARGETED_DEVICE_FAMILY = "1,2";
				TEST_HOST = "$(BUILT_PRODUCTS_DIR)/FunctionalSwift.app/FunctionalSwift";
			};
			name = Debug;
		};
		FD9A467A20E33C8700C6454A /* Release */ = {
			isa = XCBuildConfiguration;
			buildSettings = {
				ALWAYS_EMBED_SWIFT_STANDARD_LIBRARIES = YES;
				BUNDLE_LOADER = "$(TEST_HOST)";
				CODE_SIGN_STYLE = Automatic;
				DEVELOPMENT_TEAM = DZK6T3AW3W;
				INFOPLIST_FILE = FunctionalSwiftTests/Info.plist;
				LD_RUNPATH_SEARCH_PATHS = (
					"$(inherited)",
					"@executable_path/Frameworks",
					"@loader_path/Frameworks",
				);
				PRODUCT_BUNDLE_IDENTIFIER = com.shanglv51.www.FunctionalSwiftTests;
				PRODUCT_NAME = "$(TARGET_NAME)";
				SWIFT_VERSION = 4.0;
				TARGETED_DEVICE_FAMILY = "1,2";
				TEST_HOST = "$(BUILT_PRODUCTS_DIR)/FunctionalSwift.app/FunctionalSwift";
			};
			name = Release;
		};
		FD9A467C20E33C8700C6454A /* Debug */ = {
			isa = XCBuildConfiguration;
			buildSettings = {
				ALWAYS_EMBED_SWIFT_STANDARD_LIBRARIES = YES;
				CODE_SIGN_STYLE = Automatic;
				DEVELOPMENT_TEAM = DZK6T3AW3W;
				INFOPLIST_FILE = FunctionalSwiftUITests/Info.plist;
				LD_RUNPATH_SEARCH_PATHS = (
					"$(inherited)",
					"@executable_path/Frameworks",
					"@loader_path/Frameworks",
				);
				PRODUCT_BUNDLE_IDENTIFIER = com.shanglv51.www.FunctionalSwiftUITests;
				PRODUCT_NAME = "$(TARGET_NAME)";
				SWIFT_VERSION = 4.0;
				TARGETED_DEVICE_FAMILY = "1,2";
				TEST_TARGET_NAME = FunctionalSwift;
			};
			name = Debug;
		};
		FD9A467D20E33C8700C6454A /* Release */ = {
			isa = XCBuildConfiguration;
			buildSettings = {
				ALWAYS_EMBED_SWIFT_STANDARD_LIBRARIES = YES;
				CODE_SIGN_STYLE = Automatic;
				DEVELOPMENT_TEAM = DZK6T3AW3W;
				INFOPLIST_FILE = FunctionalSwiftUITests/Info.plist;
				LD_RUNPATH_SEARCH_PATHS = (
					"$(inherited)",
					"@executable_path/Frameworks",
					"@loader_path/Frameworks",
				);
				PRODUCT_BUNDLE_IDENTIFIER = com.shanglv51.www.FunctionalSwiftUITests;
				PRODUCT_NAME = "$(TARGET_NAME)";
				SWIFT_VERSION = 4.0;
				TARGETED_DEVICE_FAMILY = "1,2";
				TEST_TARGET_NAME = FunctionalSwift;
			};
			name = Release;
		};
/* End XCBuildConfiguration section */

/* Begin XCConfigurationList section */
		FD9A464820E33C8600C6454A /* Build configuration list for PBXProject "FunctionalSwift" */ = {
			isa = XCConfigurationList;
			buildConfigurations = (
				FD9A467320E33C8700C6454A /* Debug */,
				FD9A467420E33C8700C6454A /* Release */,
			);
			defaultConfigurationIsVisible = 0;
			defaultConfigurationName = Release;
		};
		FD9A467520E33C8700C6454A /* Build configuration list for PBXNativeTarget "FunctionalSwift" */ = {
			isa = XCConfigurationList;
			buildConfigurations = (
				FD9A467620E33C8700C6454A /* Debug */,
				FD9A467720E33C8700C6454A /* Release */,
			);
			defaultConfigurationIsVisible = 0;
			defaultConfigurationName = Release;
		};
		FD9A467820E33C8700C6454A /* Build configuration list for PBXNativeTarget "FunctionalSwiftTests" */ = {
			isa = XCConfigurationList;
			buildConfigurations = (
				FD9A467920E33C8700C6454A /* Debug */,
				FD9A467A20E33C8700C6454A /* Release */,
			);
			defaultConfigurationIsVisible = 0;
			defaultConfigurationName = Release;
		};
		FD9A467B20E33C8700C6454A /* Build configuration list for PBXNativeTarget "FunctionalSwiftUITests" */ = {
			isa = XCConfigurationList;
			buildConfigurations = (
				FD9A467C20E33C8700C6454A /* Debug */,
				FD9A467D20E33C8700C6454A /* Release */,
			);
			defaultConfigurationIsVisible = 0;
			defaultConfigurationName = Release;
		};
/* End XCConfigurationList section */
	};
	rootObject = FD9A464520E33C8600C6454A /* Project object */;
}
